{"1.1.0",
[{<<"base16">>,{pkg,<<"base16">>,<<"1.0.0">>},1},
 {<<"eini">>,{pkg,<<"eini">>,<<"1.2.7">>},1},
 {<<"erlcloud">>,
  {git,"https://github.com/erlcloud/erlcloud",
       {ref,"ea741ea7799d2a4ca2d400bc3e75ac7932c8dc19"}},
  0},
 {<<"gproc">>,
  {git,"https://github.com/uwiger/gproc",
       {ref,"3737f2b958a5908d7a3870046ae162c5b9bf971c"}},
  0},
 {<<"jsone">>,
  {git,"https://github.com/sile/jsone",
       {ref,"2ebbe2361d19af3cc4c94b7345972710aec4fbda"}},
  0},
 {<<"jsx">>,{pkg,<<"jsx">>,<<"2.11.0">>},1},
 {<<"lhttpc">>,{pkg,<<"lhttpc">>,<<"1.6.2">>},1},
 {<<"meck">>,{pkg,<<"meck">>,<<"0.8.13">>},0},
 {<<"observer_cli">>,
  {git,"https://github.com/zhongwencool/observer_cli.git",
       {ref,"ab76a6aff30c3b4671fcf0807c1536037ecf0a72"}},
  0},
 {<<"recon">>,{pkg,<<"recon">>,<<"2.5.1">>},1},
 {<<"redbug">>,
  {git,"https://github.com/massemanet/redbug.git",
       {ref,"c583d4567d1e2b8a540593ad0512559798d42565"}},
  0}]}.
[
{pkg_hash,[
 {<<"base16">>, <<"283644E2B21BD5915ACB7178BED7851FB07C6E5749B8FAD68A53C501092176D9">>},
 {<<"eini">>, <<"EFC9D836E88591A47550BD34CE964E21CA1369F8716B24F73CFEA513FA99F666">>},
 {<<"jsx">>, <<"08154624050333919B4AC1B789667D5F4DB166DC50E190C4D778D1587F102EE0">>},
 {<<"lhttpc">>, <<"044F16F0018C7AA7E945E9E9406C7F6035E0B8BC08BF77B00C78CE260E1071E3">>},
 {<<"meck">>, <<"FFEDB39F99B0B99703B8601C6F17C7F76313EE12DE6B646E671E3188401F7866">>},
 {<<"recon">>, <<"430FFA60685AC1EFDFB1FE4C97B8767C92D0D92E6E7C3E8621559BA77598678A">>}]}
].
